
Microsoft Visual Studio Solution File, Format Version 12.00
# Visual Studio Version 16
VisualStudioVersion = 16.0.30907.101
MinimumVisualStudioVersion = 10.0.40219.1
Project("{FAE04EC0-301F-11D3-BF4B-00C04F79EFBC}") = "prova", "prova.csproj", "{941C6DA2-1318-4C07-9292-705653ECE9D0}"
EndProject
Global
	GlobalSection(SolutionConfigurationPlatforms) = preSolution
		Debug|Any CPU = Debug|Any CPU
		Release|Any CPU = Release|Any CPU
	EndGlobalSection
	GlobalSection(ProjectConfigurationPlatforms) = postSolution
		{941C6DA2-1318-4C07-9292-705653ECE9D0}.Debug|Any CPU.ActiveCfg = Debug|Any CPU
		{941C6DA2-1318-4C07-9292-705653ECE9D0}.Debug|Any CPU.Build.0 = Debug|Any CPU
		{941C6DA2-1318-4C07-9292-705653ECE9D0}.Release|Any CPU.ActiveCfg = Release|Any CPU
		{941C6DA2-1318-4C07-9292-705653ECE9D0}.Release|Any CPU.Build.0 = Release|Any CPU
	EndGlobalSection
	GlobalSection(SolutionProperties) = preSolution
		HideSolutionNode = FALSE
	EndGlobalSection
	GlobalSection(ExtensibilityGlobals) = postSolution
		SolutionGuid = {F2113E83-E067-43AC-8DB4-7CAC2161C411}
	EndGlobalSection
EndGlobal
